
Microsoft Visual Studio Solution File, Format Version 12.00
# Visual Studio Version 17
VisualStudioVersion = 17.8.34309.116
MinimumVisualStudioVersion = 10.0.40219.1
Project("{9A19103F-16F7-4668-BE54-9A1E7A4F7556}") = "EstanteManiaWebAssembly", "EstanteManiaWebAssembly.csproj", "{D620E684-345D-4961-B37C-4C41F50337BB}"
EndProject
Global
	GlobalSection(SolutionConfigurationPlatforms) = preSolution
		Debug|Any CPU = Debug|Any CPU
		Release|Any CPU = Release|Any CPU
	EndGlobalSection
	GlobalSection(ProjectConfigurationPlatforms) = postSolution
		{D620E684-345D-4961-B37C-4C41F50337BB}.Debug|Any CPU.ActiveCfg = Debug|Any CPU
		{D620E684-345D-4961-B37C-4C41F50337BB}.Debug|Any CPU.Build.0 = Debug|Any CPU
		{D620E684-345D-4961-B37C-4C41F50337BB}.Release|Any CPU.ActiveCfg = Release|Any CPU
		{D620E684-345D-4961-B37C-4C41F50337BB}.Release|Any CPU.Build.0 = Release|Any CPU
	EndGlobalSection
	GlobalSection(SolutionProperties) = preSolution
		HideSolutionNode = FALSE
	EndGlobalSection
	GlobalSection(ExtensibilityGlobals) = postSolution
		SolutionGuid = {7A4B879F-3D0A-4E0D-B242-E0012970D008}
	EndGlobalSection
EndGlobal
